
Microsoft Visual Studio Solution File, Format Version 12.00
# Visual Studio 15
VisualStudioVersion = 15.0.27130.2003
MinimumVisualStudioVersion = 10.0.40219.1
Project("{2150E333-8FDC-42A3-9474-1A3956D46DE8}") = "Test", "Test", "{AE80D5C5-788A-4FC1-A90C-9F553E99C99C}"
EndProject
Project("{FAE04EC0-301F-11D3-BF4B-00C04F79EFBC}") = "HamiltonianGraph", "src\HamiltonianGraph\HamiltonianGraph.csproj", "{9C011E0F-A7E7-47C3-8917-1B547E810E9F}"
EndProject
Project("{FAE04EC0-301F-11D3-BF4B-00C04F79EFBC}") = "HamiltonianGraph.UnitTests", "tests\HamiltonianGraph.UnitTests\HamiltonianGraph.UnitTests.csproj", "{C26D92B5-0CE3-49F7-A48A-8ED79234D243}"
EndProject
Project("{FAE04EC0-301F-11D3-BF4B-00C04F79EFBC}") = "HamiltonianGraph.GraphInputProvider", "tests\HamiltonianGraph.GraphInputProvider\HamiltonianGraph.GraphInputProvider.csproj", "{B8DC90B8-23C9-4F8E-9F78-6C8CC2AA7508}"
EndProject
Project("{FAE04EC0-301F-11D3-BF4B-00C04F79EFBC}") = "MatchingExtensions", "tests\MatchingExtensions\MatchingExtensions.csproj", "{639063AC-A833-40D7-82B9-FFB5420B48C1}"
EndProject
Global
	GlobalSection(SolutionConfigurationPlatforms) = preSolution
		Debug|Any CPU = Debug|Any CPU
		Release|Any CPU = Release|Any CPU
	EndGlobalSection
	GlobalSection(ProjectConfigurationPlatforms) = postSolution
		{9C011E0F-A7E7-47C3-8917-1B547E810E9F}.Debug|Any CPU.ActiveCfg = Debug|Any CPU
		{9C011E0F-A7E7-47C3-8917-1B547E810E9F}.Debug|Any CPU.Build.0 = Debug|Any CPU
		{9C011E0F-A7E7-47C3-8917-1B547E810E9F}.Release|Any CPU.ActiveCfg = Release|Any CPU
		{9C011E0F-A7E7-47C3-8917-1B547E810E9F}.Release|Any CPU.Build.0 = Release|Any CPU
		{C26D92B5-0CE3-49F7-A48A-8ED79234D243}.Debug|Any CPU.ActiveCfg = Debug|Any CPU
		{C26D92B5-0CE3-49F7-A48A-8ED79234D243}.Debug|Any CPU.Build.0 = Debug|Any CPU
		{C26D92B5-0CE3-49F7-A48A-8ED79234D243}.Release|Any CPU.ActiveCfg = Release|Any CPU
		{C26D92B5-0CE3-49F7-A48A-8ED79234D243}.Release|Any CPU.Build.0 = Release|Any CPU
		{B8DC90B8-23C9-4F8E-9F78-6C8CC2AA7508}.Debug|Any CPU.ActiveCfg = Debug|Any CPU
		{B8DC90B8-23C9-4F8E-9F78-6C8CC2AA7508}.Debug|Any CPU.Build.0 = Debug|Any CPU
		{B8DC90B8-23C9-4F8E-9F78-6C8CC2AA7508}.Release|Any CPU.ActiveCfg = Release|Any CPU
		{B8DC90B8-23C9-4F8E-9F78-6C8CC2AA7508}.Release|Any CPU.Build.0 = Release|Any CPU
		{639063AC-A833-40D7-82B9-FFB5420B48C1}.Debug|Any CPU.ActiveCfg = Debug|Any CPU
		{639063AC-A833-40D7-82B9-FFB5420B48C1}.Debug|Any CPU.Build.0 = Debug|Any CPU
		{639063AC-A833-40D7-82B9-FFB5420B48C1}.Release|Any CPU.ActiveCfg = Release|Any CPU
		{639063AC-A833-40D7-82B9-FFB5420B48C1}.Release|Any CPU.Build.0 = Release|Any CPU
	EndGlobalSection
	GlobalSection(SolutionProperties) = preSolution
		HideSolutionNode = FALSE
	EndGlobalSection
	GlobalSection(NestedProjects) = preSolution
		{C26D92B5-0CE3-49F7-A48A-8ED79234D243} = {AE80D5C5-788A-4FC1-A90C-9F553E99C99C}
		{B8DC90B8-23C9-4F8E-9F78-6C8CC2AA7508} = {AE80D5C5-788A-4FC1-A90C-9F553E99C99C}
		{639063AC-A833-40D7-82B9-FFB5420B48C1} = {AE80D5C5-788A-4FC1-A90C-9F553E99C99C}
	EndGlobalSection
	GlobalSection(ExtensibilityGlobals) = postSolution
		SolutionGuid = {6D2D4918-1122-47B4-B321-89DD894A5A1F}
	EndGlobalSection
EndGlobal
